Microsoft Visual Studio Solution File, Format Version 12.00
# Visual Studio Version 17
VisualStudioVersion = 17.5.2.0
MinimumVisualStudioVersion = 10.0.40219.1
Project("{FAE04EC0-301F-11D3-BF4B-00C04F79EFBC}") = "XMLSharpCompiler", "XMLSharpCompiler.csproj", "{AE2F36BE-3B79-EE71-535A-94DEBC03CCFB}"
EndProject
Global
	GlobalSection(SolutionConfigurationPlatforms) = preSolution
		Debug|Any CPU = Debug|Any CPU
		Release|Any CPU = Release|Any CPU
	EndGlobalSection
	GlobalSection(ProjectConfigurationPlatforms) = postSolution
		{AE2F36BE-3B79-EE71-535A-94DEBC03CCFB}.Debug|Any CPU.ActiveCfg = Debug|Any CPU
		{AE2F36BE-3B79-EE71-535A-94DEBC03CCFB}.Debug|Any CPU.Build.0 = Debug|Any CPU
		{AE2F36BE-3B79-EE71-535A-94DEBC03CCFB}.Release|Any CPU.ActiveCfg = Release|Any CPU
		{AE2F36BE-3B79-EE71-535A-94DEBC03CCFB}.Release|Any CPU.Build.0 = Release|Any CPU
	EndGlobalSection
	GlobalSection(SolutionProperties) = preSolution
		HideSolutionNode = FALSE
	EndGlobalSection
	GlobalSection(ExtensibilityGlobals) = postSolution
		SolutionGuid = {E67F87ED-A330-4684-9EDD-81859A4C9ACA}
	EndGlobalSection
EndGlobal
